// !$*UTF8*$!
{
	archiveVersion = 1;
	classes = {
	};
	objectVersion = 46;
	objects = {

/* Begin PBXBuildFile section */
		D5B4B4651C141F50003F3EEE /* AppDelegate.m in Sources */ = {isa = PBXBuildFile; fileRef = D5B4B4641C141F50003F3EEE /* AppDelegate.m */; };
		D5B4B4681C141F50003F3EEE /* main.m in Sources */ = {isa = PBXBuildFile; fileRef = D5B4B4671C141F50003F3EEE /* main.m */; };
		D5B4B46A1C141F50003F3EEE /* Assets.xcassets in Resources */ = {isa = PBXBuildFile; fileRef = D5B4B4691C141F50003F3EEE /* Assets.xcassets */; };
		D5B4B46D1C141F50003F3EEE /* MainMenu.xib in Resources */ = {isa = PBXBuildFile; fileRef = D5B4B46B1C141F50003F3EEE /* MainMenu.xib */; };
/* End PBXBuildFile section */

/* Begin PBXFileReference section */
		D5B4B4601C141F50003F3EEE /* INetSyphon_OSX_SDK.app */ = {isa = PBXFileReference; explicitFileType = wrapper.application; includeInIndex = 0; path = INetSyphon_OSX_SDK.app; sourceTree = BUILT_PRODUCTS_DIR; };
		D5B4B4631C141F50003F3EEE /* AppDelegate.h */ = {isa = PBXFileReference; lastKnownFileType = sourcecode.c.h; path = AppDelegate.h; sourceTree = "<group>"; };
		D5B4B4641C141F50003F3EEE /* AppDelegate.m */ = {isa = PBXFileReference; lastKnownFileType = sourcecode.c.objc; path = AppDelegate.m; sourceTree = "<group>"; };
		D5B4B4671C141F50003F3EEE /* main.m */ = {isa = PBXFileReference; lastKnownFileType = sourcecode.c.objc; path = main.m; sourceTree = "<group>"; };
		D5B4B4691C141F50003F3EEE /* Assets.xcassets */ = {isa = PBXFileReference; lastKnownFileType = folder.assetcatalog; path = Assets.xcassets; sourceTree = "<group>"; };
		D5B4B46C1C141F50003F3EEE /* Base */ = {isa = PBXFileReference; lastKnownFileType = file.xib; name = Base; path = Base.lproj/MainMenu.xib; sourceTree = "<group>"; };
		D5B4B46E1C141F50003F3EEE /* Info.plist */ = {isa = PBXFileReference; lastKnownFileType = text.plist.xml; path = Info.plist; sourceTree = "<group>"; };
/* End PBXFileReference section */

/* Begin PBXFrameworksBuildPhase section */
		D5B4B45D1C141F50003F3EEE /* Frameworks */ = {
			isa = PBXFrameworksBuildPhase;
			buildActionMask = 2147483647;
			files = (
			);
			runOnlyForDeploymentPostprocessing = 0;
		};
/* End PBXFrameworksBuildPhase section */

/* Begin PBXGroup section */
		D5B4B4571C141F50003F3EEE = {
			isa = PBXGroup;
			children = (
				D5B4B4621C141F50003F3EEE /* INetSyphon_OSX_SDK */,
				D5B4B4611C141F50003F3EEE /* Products */,
			);
			sourceTree = "<group>";
		};
		D5B4B4611C141F50003F3EEE /* Products */ = {
			isa = PBXGroup;
			children = (
				D5B4B4601C141F50003F3EEE /* INetSyphon_OSX_SDK.app */,
			);
			name = Products;
			sourceTree = "<group>";
		};
		D5B4B4621C141F50003F3EEE /* INetSyphon_OSX_SDK */ = {
			isa = PBXGroup;
			children = (
				D5B4B4631C141F50003F3EEE /* AppDelegate.h */,
				D5B4B4641C141F50003F3EEE /* AppDelegate.m */,
				D5B4B4691C141F50003F3EEE /* Assets.xcassets */,
				D5B4B46B1C141F50003F3EEE /* MainMenu.xib */,
				D5B4B46E1C141F50003F3EEE /* Info.plist */,
				D5B4B4661C141F50003F3EEE /* Supporting Files */,
			);
			path = INetSyphon_OSX_SDK;
			sourceTree = "<group>";
		};
		D5B4B4661C141F50003F3EEE /* Supporting Files */ = {
			isa = PBXGroup;
			children = (
				D5B4B4671C141F50003F3EEE /* main.m */,
			);
			name = "Supporting Files";
			sourceTree = "<group>";
		};
/* End PBXGroup section */

/* Begin PBXNativeTarget section */
		D5B4B45F1C141F50003F3EEE /* INetSyphon_OSX_SDK */ = {
			isa = PBXNativeTarget;
			buildConfigurationList = D5B4B4711C141F50003F3EEE /* Build configuration list for PBXNativeTarget "INetSyphon_OSX_SDK" */;
			buildPhases = (
				D5B4B45C1C141F50003F3EEE /* Sources */,
				D5B4B45D1C141F50003F3EEE /* Frameworks */,
				D5B4B45E1C141F50003F3EEE /* Resources */,
			);
			buildRules = (
			);
			dependencies = (
			);
			name = INetSyphon_OSX_SDK;
			productName = INetSyphon_OSX_SDK;
			productReference = D5B4B4601C141F50003F3EEE /* INetSyphon_OSX_SDK.app */;
			productType = "com.apple.product-type.application";
		};
/* End PBXNativeTarget section */

/* Begin PBXProject section */
		D5B4B4581C141F50003F3EEE /* Project object */ = {
			isa = PBXProject;
			attributes = {
				LastUpgradeCheck = 0710;
				ORGANIZATIONNAME = "TECHLIFE SG Pte.Ltd.";
				TargetAttributes = {
					D5B4B45F1C141F50003F3EEE = {
						CreatedOnToolsVersion = 7.1.1;
					};
				};
			};
			buildConfigurationList = D5B4B45B1C141F50003F3EEE /* Build configuration list for PBXProject "INetSyphon_OSX_SDK" */;
			compatibilityVersion = "Xcode 3.2";
			developmentRegion = English;
			hasScannedForEncodings = 0;
			knownRegions = (
				en,
				Base,
			);
			mainGroup = D5B4B4571C141F50003F3EEE;
			productRefGroup = D5B4B4611C141F50003F3EEE /* Products */;
			projectDirPath = "";
			projectRoot = "";
			targets = (
				D5B4B45F1C141F50003F3EEE /* INetSyphon_OSX_SDK */,
			);
		};
/* End PBXProject section */

/* Begin PBXResourcesBuildPhase section */
		D5B4B45E1C141F50003F3EEE /* Resources */ = {
			isa = PBXResourcesBuildPhase;
			buildActionMask = 2147483647;
			files = (
				D5B4B46A1C141F50003F3EEE /* Assets.xcassets in Resources */,
				D5B4B46D1C141F50003F3EEE /* MainMenu.xib in Resources */,
			);
			runOnlyForDeploymentPostprocessing = 0;
		};
/* End PBXResourcesBuildPhase section */

/* Begin PBXSourcesBuildPhase section */
		D5B4B45C1C141F50003F3EEE /* Sources */ = {
			isa = PBXSourcesBuildPhase;
			buildActionMask = 2147483647;
			files = (
				D5B4B4681C141F50003F3EEE /* main.m in Sources */,
				D5B4B4651C141F50003F3EEE /* AppDelegate.m in Sources */,
			);
			runOnlyForDeploymentPostprocessing = 0;
		};
/* End PBXSourcesBuildPhase section */

/* Begin PBXVariantGroup section */
		D5B4B46B1C141F50003F3EEE /* MainMenu.xib */ = {
			isa = PBXVariantGroup;
			children = (
				D5B4B46C1C141F50003F3EEE /* Base */,
			);
			name = MainMenu.xib;
			sourceTree = "<group>";
		};
/* End PBXVariantGroup section */

/* Begin XCBuildConfiguration section */
		D5B4B46F1C141F50003F3EEE /* Debug */ = {
			isa = XCBuildConfiguration;
			buildSettings = {
				ALWAYS_SEARCH_USER_PATHS = NO;
				CLANG_CXX_LANGUAGE_STANDARD = "gnu++0x";
				CLANG_CXX_LIBRARY = "libc++";
				CLANG_ENABLE_MODULES = YES;
				CLANG_ENABLE_OBJC_ARC = YES;
				CLANG_WARN_BOOL_CONVERSION = YES;
				CLANG_WARN_CONSTANT_CONVERSION = YES;
				CLANG_WARN_DIRECT_OBJC_ISA_USAGE = YES_ERROR;
				CLANG_WARN_EMPTY_BODY = YES;
				CLANG_WARN_ENUM_CONVERSION = YES;
				CLANG_WARN_INT_CONVERSION = YES;
				CLANG_WARN_OBJC_ROOT_CLASS = YES_ERROR;
				CLANG_WARN_UNREACHABLE_CODE = YES;
				CLANG_WARN__DUPLICATE_METHOD_MATCH = YES;
				CODE_SIGN_IDENTITY = "-";
				COPY_PHASE_STRIP = NO;
				DEBUG_INFORMATION_FORMAT = dwarf;
				ENABLE_STRICT_OBJC_MSGSEND = YES;
				ENABLE_TESTABILITY = YES;
				GCC_C_LANGUAGE_STANDARD = gnu99;
				GCC_DYNAMIC_NO_PIC = NO;
				GCC_NO_COMMON_BLOCKS = YES;
				GCC_OPTIMIZATION_LEVEL = 0;
				GCC_PREPROCESSOR_DEFINITIONS = (
					"DEBUG=1",
					"$(inherited)",
				);
				GCC_WARN_64_TO_32_BIT_CONVERSION = YES;
				GCC_WARN_ABOUT_RETURN_TYPE = YES_ERROR;
				GCC_WARN_UNDECLARED_SELECTOR = YES;
				GCC_WARN_UNINITIALIZED_AUTOS = YES_AGGRESSIVE;
				GCC_WARN_UNUSED_FUNCTION = YES;
				GCC_WARN_UNUSED_VARIABLE = YES;
				MACOSX_DEPLOYMENT_TARGET = 10.10;
				MTL_ENABLE_DEBUG_INFO = YES;
				ONLY_ACTIVE_ARCH = YES;
				SDKROOT = macosx;
			};
			name = Debug;
		};
		D5B4B4701C141F50003F3EEE /* Release */ = {
			isa = XCBuildConfiguration;
			buildSettings = {
				ALWAYS_SEARCH_USER_PATHS = NO;
				CLANG_CXX_LANGUAGE_STANDARD = "gnu++0x";
				CLANG_CXX_LIBRARY = "libc++";
				CLANG_ENABLE_MODULES = YES;
				CLANG_ENABLE_OBJC_ARC = YES;
				CLANG_WARN_BOOL_CONVERSION = YES;
				CLANG_WARN_CONSTANT_CONVERSION = YES;
				CLANG_WARN_DIRECT_OBJC_ISA_USAGE = YES_ERROR;
				CLANG_WARN_EMPTY_BODY = YES;
				CLANG_WARN_ENUM_CONVERSION = YES;
				CLANG_WARN_INT_CONVERSION = YES;
				CLANG_WARN_OBJC_ROOT_CLASS = YES_ERROR;
				CLANG_WARN_UNREACHABLE_CODE = YES;
				CLANG_WARN__DUPLICATE_METHOD_MATCH = YES;
				CODE_SIGN_IDENTITY = "-";
				COPY_PHASE_STRIP = NO;
				DEBUG_INFORMATION_FORMAT = "dwarf-with-dsym";
				ENABLE_NS_ASSERTIONS = NO;
				ENABLE_STRICT_OBJC_MSGSEND = YES;
				GCC_C_LANGUAGE_STANDARD = gnu99;
				GCC_NO_COMMON_BLOCKS = YES;
				GCC_WARN_64_TO_32_BIT_CONVERSION = YES;
				GCC_WARN_ABOUT_RETURN_TYPE = YES_ERROR;
				GCC_WARN_UNDECLARED_SELECTOR = YES;
				GCC_WARN_UNINITIALIZED_AUTOS = YES_AGGRESSIVE;
				GCC_WARN_UNUSED_FUNCTION = YES;
				GCC_WARN_UNUSED_VARIABLE = YES;
				MACOSX_DEPLOYMENT_TARGET = 10.10;
				MTL_ENABLE_DEBUG_INFO = NO;
				SDKROOT = macosx;
			};
			name = Release;
		};
		D5B4B4721C141F50003F3EEE /* Debug */ = {
			isa = XCBuildConfiguration;
			buildSettings = {
				ASSETCATALOG_COMPILER_APPICON_NAME = AppIcon;
				COMBINE_HIDPI_IMAGES = YES;
				INFOPLIST_FILE = INetSyphon_OSX_SDK/Info.plist;
				LD_RUNPATH_SEARCH_PATHS = "$(inherited) @executable_path/../Frameworks";
				PRODUCT_BUNDLE_IDENTIFIER = "sg.techlife.INetSyphon-OSX-SDK";
				PRODUCT_NAME = "$(TARGET_NAME)";
			};
			name = Debug;
		};
		D5B4B4731C141F50003F3EEE /* Release */ = {
			isa = XCBuildConfiguration;
			buildSettings = {
				ASSETCATALOG_COMPILER_APPICON_NAME = AppIcon;
				COMBINE_HIDPI_IMAGES = YES;
				INFOPLIST_FILE = INetSyphon_OSX_SDK/Info.plist;
				LD_RUNPATH_SEARCH_PATHS = "$(inherited) @executable_path/../Frameworks";
				PRODUCT_BUNDLE_IDENTIFIER = "sg.techlife.INetSyphon-OSX-SDK";
				PRODUCT_NAME = "$(TARGET_NAME)";
			};
			name = Release;
		};
/* End XCBuildConfiguration section */

/* Begin XCConfigurationList section */
		D5B4B45B1C141F50003F3EEE /* Build configuration list for PBXProject "INetSyphon_OSX_SDK" */ = {
			isa = XCConfigurationList;
			buildConfigurations = (
				D5B4B46F1C141F50003F3EEE /* Debug */,
				D5B4B4701C141F50003F3EEE /* Release */,
			);
			defaultConfigurationIsVisible = 0;
			defaultConfigurationName = Release;
		};
		D5B4B4711C141F50003F3EEE /* Build configuration list for PBXNativeTarget "INetSyphon_OSX_SDK" */ = {
			isa = XCConfigurationList;
			buildConfigurations = (
				D5B4B4721C141F50003F3EEE /* Debug */,
				D5B4B4731C141F50003F3EEE /* Release */,
			);
			defaultConfigurationIsVisible = 0;
		};
/* End XCConfigurationList section */
	};
	rootObject = D5B4B4581C141F50003F3EEE /* Project object */;
}
