// !$*UTF8*$!
{
	archiveVersion = 1;
	classes = {
	};
	objectVersion = 46;
	objects = {

/* Begin PBXBuildFile section */
		D51551DD1CACC10B0034E9FF /* AppDelegate.mm in Sources */ = {isa = PBXBuildFile; fileRef = D51551DC1CACC10B0034E9FF /* AppDelegate.mm */; };
		D51551E01CACC10B0034E9FF /* main.m in Sources */ = {isa = PBXBuildFile; fileRef = D51551DF1CACC10B0034E9FF /* main.m */; };
		D51551E21CACC10B0034E9FF /* Assets.xcassets in Resources */ = {isa = PBXBuildFile; fileRef = D51551E11CACC10B0034E9FF /* Assets.xcassets */; };
		D51551E51CACC10B0034E9FF /* MainMenu.xib in Resources */ = {isa = PBXBuildFile; fileRef = D51551E31CACC10B0034E9FF /* MainMenu.xib */; };
		D51551EC1CACC2150034E9FF /* GLView.m in Sources */ = {isa = PBXBuildFile; fileRef = D51551EB1CACC2150034E9FF /* GLView.m */; };
		D51551EE1CACC2FB0034E9FF /* TL_INetSyphonSDK.framework in Copy Framework Files */ = {isa = PBXBuildFile; fileRef = D5B4B5131C1431ED003F3EEE /* TL_INetSyphonSDK.framework */; settings = {ATTRIBUTES = (CodeSignOnCopy, RemoveHeadersOnCopy, ); }; };
		D51551F01CACC3190034E9FF /* libturbojpeg.0.dylib in Copy TurboJpeg Files */ = {isa = PBXBuildFile; fileRef = D5B4B48B1C1421C4003F3EEE /* libturbojpeg.0.dylib */; settings = {ATTRIBUTES = (CodeSignOnCopy, ); }; };
		D58FF38F1C1B36B4007F3324 /* UDPServerAppDelegate.m in Sources */ = {isa = PBXBuildFile; fileRef = D58FF38E1C1B36B4007F3324 /* UDPServerAppDelegate.m */; };
		D58FF3921C1B36B4007F3324 /* main.m in Sources */ = {isa = PBXBuildFile; fileRef = D58FF3911C1B36B4007F3324 /* main.m */; };
		D58FF3941C1B36B4007F3324 /* Assets.xcassets in Resources */ = {isa = PBXBuildFile; fileRef = D58FF3931C1B36B4007F3324 /* Assets.xcassets */; };
		D58FF3971C1B36B4007F3324 /* MainMenu.xib in Resources */ = {isa = PBXBuildFile; fileRef = D58FF3951C1B36B4007F3324 /* MainMenu.xib */; };
		D58FF3A41C1B3890007F3324 /* UDPClientAppDelegate.m in Sources */ = {isa = PBXBuildFile; fileRef = D58FF3A31C1B3890007F3324 /* UDPClientAppDelegate.m */; };
		D58FF3A71C1B3890007F3324 /* main.m in Sources */ = {isa = PBXBuildFile; fileRef = D58FF3A61C1B3890007F3324 /* main.m */; };
		D58FF3A91C1B3890007F3324 /* Assets.xcassets in Resources */ = {isa = PBXBuildFile; fileRef = D58FF3A81C1B3890007F3324 /* Assets.xcassets */; };
		D58FF3AC1C1B3890007F3324 /* MainMenu.xib in Resources */ = {isa = PBXBuildFile; fileRef = D58FF3AA1C1B3890007F3324 /* MainMenu.xib */; };
		D58FF3B11C1B4844007F3324 /* TL_INetSyphonSDK.framework in Frameworks */ = {isa = PBXBuildFile; fileRef = D5B4B5131C1431ED003F3EEE /* TL_INetSyphonSDK.framework */; };
		D58FF3B31C1B485D007F3324 /* libturbojpeg.0.dylib in Copy TurboJpeg Files */ = {isa = PBXBuildFile; fileRef = D5B4B48B1C1421C4003F3EEE /* libturbojpeg.0.dylib */; settings = {ATTRIBUTES = (CodeSignOnCopy, ); }; };
		D58FF3B41C1B4872007F3324 /* TL_INetSyphonSDK.framework in Frameworks */ = {isa = PBXBuildFile; fileRef = D5B4B5131C1431ED003F3EEE /* TL_INetSyphonSDK.framework */; };
		D58FF3B61C1B488E007F3324 /* TL_INetSyphonSDK.framework in Copy Framework Files */ = {isa = PBXBuildFile; fileRef = D5B4B5131C1431ED003F3EEE /* TL_INetSyphonSDK.framework */; settings = {ATTRIBUTES = (CodeSignOnCopy, RemoveHeadersOnCopy, ); }; };
		D58FF3B81C1B48A7007F3324 /* TL_INetSyphonSDK.framework in Copy Framework Files */ = {isa = PBXBuildFile; fileRef = D5B4B5131C1431ED003F3EEE /* TL_INetSyphonSDK.framework */; settings = {ATTRIBUTES = (CodeSignOnCopy, RemoveHeadersOnCopy, ); }; };
		D58FF3BA1C1B48BB007F3324 /* libturbojpeg.0.dylib in Copy TURBOJPEG Files */ = {isa = PBXBuildFile; fileRef = D5B4B48B1C1421C4003F3EEE /* libturbojpeg.0.dylib */; settings = {ATTRIBUTES = (CodeSignOnCopy, ); }; };
		D58FF3BD1C1B5113007F3324 /* GLView.m in Sources */ = {isa = PBXBuildFile; fileRef = D58FF3BC1C1B5113007F3324 /* GLView.m */; };
		D58FF3C01C1B5138007F3324 /* GLView.m in Sources */ = {isa = PBXBuildFile; fileRef = D58FF3BF1C1B5138007F3324 /* GLView.m */; };
		D5B4B47C1C141F72003F3EEE /* AppDelegate.m in Sources */ = {isa = PBXBuildFile; fileRef = D5B4B47B1C141F72003F3EEE /* AppDelegate.m */; };
		D5B4B47F1C141F72003F3EEE /* main.m in Sources */ = {isa = PBXBuildFile; fileRef = D5B4B47E1C141F72003F3EEE /* main.m */; };
		D5B4B4811C141F72003F3EEE /* Assets.xcassets in Resources */ = {isa = PBXBuildFile; fileRef = D5B4B4801C141F72003F3EEE /* Assets.xcassets */; };
		D5B4B4841C141F72003F3EEE /* MainMenu.xib in Resources */ = {isa = PBXBuildFile; fileRef = D5B4B4821C141F72003F3EEE /* MainMenu.xib */; };
		D5B4B4911C142204003F3EEE /* GLView.m in Sources */ = {isa = PBXBuildFile; fileRef = D5B4B4901C142204003F3EEE /* GLView.m */; };
		D5B4B4951C142470003F3EEE /* libturbojpeg.0.dylib in Copy TurboJpeg Files */ = {isa = PBXBuildFile; fileRef = D5B4B48B1C1421C4003F3EEE /* libturbojpeg.0.dylib */; settings = {ATTRIBUTES = (CodeSignOnCopy, ); }; };
		D5B4B4FD1C142DC6003F3EEE /* AppDelegate.m in Sources */ = {isa = PBXBuildFile; fileRef = D5B4B4FC1C142DC6003F3EEE /* AppDelegate.m */; };
		D5B4B5001C142DC6003F3EEE /* main.m in Sources */ = {isa = PBXBuildFile; fileRef = D5B4B4FF1C142DC6003F3EEE /* main.m */; };
		D5B4B5021C142DC6003F3EEE /* Assets.xcassets in Resources */ = {isa = PBXBuildFile; fileRef = D5B4B5011C142DC6003F3EEE /* Assets.xcassets */; };
		D5B4B5051C142DC6003F3EEE /* MainMenu.xib in Resources */ = {isa = PBXBuildFile; fileRef = D5B4B5031C142DC6003F3EEE /* MainMenu.xib */; };
		D5B4B50E1C142E09003F3EEE /* libturbojpeg.0.dylib in Copy TurboJpeg Files */ = {isa = PBXBuildFile; fileRef = D5B4B48B1C1421C4003F3EEE /* libturbojpeg.0.dylib */; settings = {ATTRIBUTES = (CodeSignOnCopy, ); }; };
		D5B4B5111C142E97003F3EEE /* GLView.m in Sources */ = {isa = PBXBuildFile; fileRef = D5B4B5101C142E97003F3EEE /* GLView.m */; };
		D5B4B5151C143207003F3EEE /* TL_INetSyphonSDK.framework in Frameworks */ = {isa = PBXBuildFile; fileRef = D5B4B5131C1431ED003F3EEE /* TL_INetSyphonSDK.framework */; };
		D5B4B5161C14320C003F3EEE /* TL_INetSyphonSDK.framework in Copy Framework Files */ = {isa = PBXBuildFile; fileRef = D5B4B5131C1431ED003F3EEE /* TL_INetSyphonSDK.framework */; settings = {ATTRIBUTES = (CodeSignOnCopy, RemoveHeadersOnCopy, ); }; };
		D5B4B5171C143216003F3EEE /* TL_INetSyphonSDK.framework in Frameworks */ = {isa = PBXBuildFile; fileRef = D5B4B5131C1431ED003F3EEE /* TL_INetSyphonSDK.framework */; };
		D5B4B5181C143219003F3EEE /* TL_INetSyphonSDK.framework in Copy Framework Files */ = {isa = PBXBuildFile; fileRef = D5B4B5131C1431ED003F3EEE /* TL_INetSyphonSDK.framework */; settings = {ATTRIBUTES = (CodeSignOnCopy, RemoveHeadersOnCopy, ); }; };
/* End PBXBuildFile section */

/* Begin PBXCopyFilesBuildPhase section */
		D51551ED1CACC2EC0034E9FF /* Copy Framework Files */ = {
			isa = PBXCopyFilesBuildPhase;
			buildActionMask = 2147483647;
			dstPath = "";
			dstSubfolderSpec = 10;
			files = (
				D51551EE1CACC2FB0034E9FF /* TL_INetSyphonSDK.framework in Copy Framework Files */,
			);
			name = "Copy Framework Files";
			runOnlyForDeploymentPostprocessing = 0;
		};
		D51551EF1CACC3030034E9FF /* Copy TurboJpeg Files */ = {
			isa = PBXCopyFilesBuildPhase;
			buildActionMask = 2147483647;
			dstPath = "";
			dstSubfolderSpec = 6;
			files = (
				D51551F01CACC3190034E9FF /* libturbojpeg.0.dylib in Copy TurboJpeg Files */,
			);
			name = "Copy TurboJpeg Files";
			runOnlyForDeploymentPostprocessing = 0;
		};
		D58FF3B21C1B484C007F3324 /* Copy TurboJpeg Files */ = {
			isa = PBXCopyFilesBuildPhase;
			buildActionMask = 2147483647;
			dstPath = "";
			dstSubfolderSpec = 6;
			files = (
				D58FF3B31C1B485D007F3324 /* libturbojpeg.0.dylib in Copy TurboJpeg Files */,
			);
			name = "Copy TurboJpeg Files";
			runOnlyForDeploymentPostprocessing = 0;
		};
		D58FF3B51C1B487E007F3324 /* Copy Framework Files */ = {
			isa = PBXCopyFilesBuildPhase;
			buildActionMask = 2147483647;
			dstPath = "";
			dstSubfolderSpec = 10;
			files = (
				D58FF3B61C1B488E007F3324 /* TL_INetSyphonSDK.framework in Copy Framework Files */,
			);
			name = "Copy Framework Files";
			runOnlyForDeploymentPostprocessing = 0;
		};
		D58FF3B71C1B4898007F3324 /* Copy Framework Files */ = {
			isa = PBXCopyFilesBuildPhase;
			buildActionMask = 2147483647;
			dstPath = "";
			dstSubfolderSpec = 10;
			files = (
				D58FF3B81C1B48A7007F3324 /* TL_INetSyphonSDK.framework in Copy Framework Files */,
			);
			name = "Copy Framework Files";
			runOnlyForDeploymentPostprocessing = 0;
		};
		D58FF3B91C1B48AE007F3324 /* Copy TURBOJPEG Files */ = {
			isa = PBXCopyFilesBuildPhase;
			buildActionMask = 2147483647;
			dstPath = "";
			dstSubfolderSpec = 6;
			files = (
				D58FF3BA1C1B48BB007F3324 /* libturbojpeg.0.dylib in Copy TURBOJPEG Files */,
			);
			name = "Copy TURBOJPEG Files";
			runOnlyForDeploymentPostprocessing = 0;
		};
		D5B4B4921C142448003F3EEE /* Copy Framework Files */ = {
			isa = PBXCopyFilesBuildPhase;
			buildActionMask = 2147483647;
			dstPath = "";
			dstSubfolderSpec = 10;
			files = (
				D5B4B5161C14320C003F3EEE /* TL_INetSyphonSDK.framework in Copy Framework Files */,
			);
			name = "Copy Framework Files";
			runOnlyForDeploymentPostprocessing = 0;
		};
		D5B4B4941C14245F003F3EEE /* Copy TurboJpeg Files */ = {
			isa = PBXCopyFilesBuildPhase;
			buildActionMask = 2147483647;
			dstPath = "";
			dstSubfolderSpec = 6;
			files = (
				D5B4B4951C142470003F3EEE /* libturbojpeg.0.dylib in Copy TurboJpeg Files */,
			);
			name = "Copy TurboJpeg Files";
			runOnlyForDeploymentPostprocessing = 0;
		};
		D5B4B50B1C142DDC003F3EEE /* Copy Framework Files */ = {
			isa = PBXCopyFilesBuildPhase;
			buildActionMask = 2147483647;
			dstPath = "";
			dstSubfolderSpec = 10;
			files = (
				D5B4B5181C143219003F3EEE /* TL_INetSyphonSDK.framework in Copy Framework Files */,
			);
			name = "Copy Framework Files";
			runOnlyForDeploymentPostprocessing = 0;
		};
		D5B4B50D1C142DF8003F3EEE /* Copy TurboJpeg Files */ = {
			isa = PBXCopyFilesBuildPhase;
			buildActionMask = 2147483647;
			dstPath = "";
			dstSubfolderSpec = 6;
			files = (
				D5B4B50E1C142E09003F3EEE /* libturbojpeg.0.dylib in Copy TurboJpeg Files */,
			);
			name = "Copy TurboJpeg Files";
			runOnlyForDeploymentPostprocessing = 0;
		};
/* End PBXCopyFilesBuildPhase section */

/* Begin PBXFileReference section */
		D51551D91CACC10B0034E9FF /* SampleMultiTCPServer.app */ = {isa = PBXFileReference; explicitFileType = wrapper.application; includeInIndex = 0; path = SampleMultiTCPServer.app; sourceTree = BUILT_PRODUCTS_DIR; };
		D51551DB1CACC10B0034E9FF /* AppDelegate.h */ = {isa = PBXFileReference; lastKnownFileType = sourcecode.c.h; path = AppDelegate.h; sourceTree = "<group>"; };
		D51551DC1CACC10B0034E9FF /* AppDelegate.mm */ = {isa = PBXFileReference; lastKnownFileType = sourcecode.cpp.objcpp; path = AppDelegate.mm; sourceTree = "<group>"; };
		D51551DF1CACC10B0034E9FF /* main.m */ = {isa = PBXFileReference; lastKnownFileType = sourcecode.c.objc; path = main.m; sourceTree = "<group>"; };
		D51551E11CACC10B0034E9FF /* Assets.xcassets */ = {isa = PBXFileReference; lastKnownFileType = folder.assetcatalog; path = Assets.xcassets; sourceTree = "<group>"; };
		D51551E41CACC10B0034E9FF /* Base */ = {isa = PBXFileReference; lastKnownFileType = file.xib; name = Base; path = Base.lproj/MainMenu.xib; sourceTree = "<group>"; };
		D51551E61CACC10B0034E9FF /* Info.plist */ = {isa = PBXFileReference; lastKnownFileType = text.plist.xml; path = Info.plist; sourceTree = "<group>"; };
		D51551EA1CACC2150034E9FF /* GLView.h */ = {isa = PBXFileReference; fileEncoding = 4; lastKnownFileType = sourcecode.c.h; path = GLView.h; sourceTree = "<group>"; };
		D51551EB1CACC2150034E9FF /* GLView.m */ = {isa = PBXFileReference; fileEncoding = 4; lastKnownFileType = sourcecode.c.objc; path = GLView.m; sourceTree = "<group>"; };
		D58FF38B1C1B36B4007F3324 /* SampleUDPServer.app */ = {isa = PBXFileReference; explicitFileType = wrapper.application; includeInIndex = 0; path = SampleUDPServer.app; sourceTree = BUILT_PRODUCTS_DIR; };
		D58FF38D1C1B36B4007F3324 /* UDPServerAppDelegate.h */ = {isa = PBXFileReference; lastKnownFileType = sourcecode.c.h; path = UDPServerAppDelegate.h; sourceTree = "<group>"; };
		D58FF38E1C1B36B4007F3324 /* UDPServerAppDelegate.m */ = {isa = PBXFileReference; lastKnownFileType = sourcecode.c.objc; path = UDPServerAppDelegate.m; sourceTree = "<group>"; };
		D58FF3911C1B36B4007F3324 /* main.m */ = {isa = PBXFileReference; lastKnownFileType = sourcecode.c.objc; path = main.m; sourceTree = "<group>"; };
		D58FF3931C1B36B4007F3324 /* Assets.xcassets */ = {isa = PBXFileReference; lastKnownFileType = folder.assetcatalog; path = Assets.xcassets; sourceTree = "<group>"; };
		D58FF3961C1B36B4007F3324 /* Base */ = {isa = PBXFileReference; lastKnownFileType = file.xib; name = Base; path = Base.lproj/MainMenu.xib; sourceTree = "<group>"; };
		D58FF3981C1B36B4007F3324 /* Info.plist */ = {isa = PBXFileReference; lastKnownFileType = text.plist.xml; path = Info.plist; sourceTree = "<group>"; };
		D58FF3A01C1B3890007F3324 /* SampleUDPClient.app */ = {isa = PBXFileReference; explicitFileType = wrapper.application; includeInIndex = 0; path = SampleUDPClient.app; sourceTree = BUILT_PRODUCTS_DIR; };
		D58FF3A21C1B3890007F3324 /* UDPClientAppDelegate.h */ = {isa = PBXFileReference; lastKnownFileType = sourcecode.c.h; path = UDPClientAppDelegate.h; sourceTree = "<group>"; };
		D58FF3A31C1B3890007F3324 /* UDPClientAppDelegate.m */ = {isa = PBXFileReference; lastKnownFileType = sourcecode.c.objc; path = UDPClientAppDelegate.m; sourceTree = "<group>"; };
		D58FF3A61C1B3890007F3324 /* main.m */ = {isa = PBXFileReference; lastKnownFileType = sourcecode.c.objc; path = main.m; sourceTree = "<group>"; };
		D58FF3A81C1B3890007F3324 /* Assets.xcassets */ = {isa = PBXFileReference; lastKnownFileType = folder.assetcatalog; path = Assets.xcassets; sourceTree = "<group>"; };
		D58FF3AB1C1B3890007F3324 /* Base */ = {isa = PBXFileReference; lastKnownFileType = file.xib; name = Base; path = Base.lproj/MainMenu.xib; sourceTree = "<group>"; };
		D58FF3AD1C1B3890007F3324 /* Info.plist */ = {isa = PBXFileReference; lastKnownFileType = text.plist.xml; path = Info.plist; sourceTree = "<group>"; };
		D58FF3BB1C1B5113007F3324 /* GLView.h */ = {isa = PBXFileReference; fileEncoding = 4; lastKnownFileType = sourcecode.c.h; path = GLView.h; sourceTree = "<group>"; };
		D58FF3BC1C1B5113007F3324 /* GLView.m */ = {isa = PBXFileReference; fileEncoding = 4; lastKnownFileType = sourcecode.c.objc; path = GLView.m; sourceTree = "<group>"; };
		D58FF3BE1C1B5138007F3324 /* GLView.h */ = {isa = PBXFileReference; fileEncoding = 4; lastKnownFileType = sourcecode.c.h; path = GLView.h; sourceTree = "<group>"; };
		D58FF3BF1C1B5138007F3324 /* GLView.m */ = {isa = PBXFileReference; fileEncoding = 4; lastKnownFileType = sourcecode.c.objc; path = GLView.m; sourceTree = "<group>"; };
		D5B4B4781C141F72003F3EEE /* SampleTCPServer.app */ = {isa = PBXFileReference; explicitFileType = wrapper.application; includeInIndex = 0; path = SampleTCPServer.app; sourceTree = BUILT_PRODUCTS_DIR; };
		D5B4B47A1C141F72003F3EEE /* AppDelegate.h */ = {isa = PBXFileReference; lastKnownFileType = sourcecode.c.h; path = AppDelegate.h; sourceTree = "<group>"; };
		D5B4B47B1C141F72003F3EEE /* AppDelegate.m */ = {isa = PBXFileReference; lastKnownFileType = sourcecode.c.objc; path = AppDelegate.m; sourceTree = "<group>"; };
		D5B4B47E1C141F72003F3EEE /* main.m */ = {isa = PBXFileReference; lastKnownFileType = sourcecode.c.objc; path = main.m; sourceTree = "<group>"; };
		D5B4B4801C141F72003F3EEE /* Assets.xcassets */ = {isa = PBXFileReference; lastKnownFileType = folder.assetcatalog; path = Assets.xcassets; sourceTree = "<group>"; };
		D5B4B4831C141F72003F3EEE /* Base */ = {isa = PBXFileReference; lastKnownFileType = file.xib; name = Base; path = Base.lproj/MainMenu.xib; sourceTree = "<group>"; };
		D5B4B4851C141F72003F3EEE /* Info.plist */ = {isa = PBXFileReference; lastKnownFileType = text.plist.xml; path = Info.plist; sourceTree = "<group>"; };
		D5B4B48B1C1421C4003F3EEE /* libturbojpeg.0.dylib */ = {isa = PBXFileReference; lastKnownFileType = "compiled.mach-o.dylib"; name = libturbojpeg.0.dylib; path = Lib/libturbojpeg.0.dylib; sourceTree = "<group>"; };
		D5B4B48F1C142204003F3EEE /* GLView.h */ = {isa = PBXFileReference; fileEncoding = 4; lastKnownFileType = sourcecode.c.h; path = GLView.h; sourceTree = "<group>"; };
		D5B4B4901C142204003F3EEE /* GLView.m */ = {isa = PBXFileReference; fileEncoding = 4; lastKnownFileType = sourcecode.c.objc; path = GLView.m; sourceTree = "<group>"; };
		D5B4B4F91C142DC5003F3EEE /* SampleTCPClient.app */ = {isa = PBXFileReference; explicitFileType = wrapper.application; includeInIndex = 0; path = SampleTCPClient.app; sourceTree = BUILT_PRODUCTS_DIR; };
		D5B4B4FB1C142DC6003F3EEE /* AppDelegate.h */ = {isa = PBXFileReference; lastKnownFileType = sourcecode.c.h; path = AppDelegate.h; sourceTree = "<group>"; };
		D5B4B4FC1C142DC6003F3EEE /* AppDelegate.m */ = {isa = PBXFileReference; lastKnownFileType = sourcecode.c.objc; path = AppDelegate.m; sourceTree = "<group>"; };
		D5B4B4FF1C142DC6003F3EEE /* main.m */ = {isa = PBXFileReference; lastKnownFileType = sourcecode.c.objc; path = main.m; sourceTree = "<group>"; };
		D5B4B5011C142DC6003F3EEE /* Assets.xcassets */ = {isa = PBXFileReference; lastKnownFileType = folder.assetcatalog; path = Assets.xcassets; sourceTree = "<group>"; };
		D5B4B5041C142DC6003F3EEE /* Base */ = {isa = PBXFileReference; lastKnownFileType = file.xib; name = Base; path = Base.lproj/MainMenu.xib; sourceTree = "<group>"; };
		D5B4B5061C142DC6003F3EEE /* Info.plist */ = {isa = PBXFileReference; lastKnownFileType = text.plist.xml; path = Info.plist; sourceTree = "<group>"; };
		D5B4B50F1C142E97003F3EEE /* GLView.h */ = {isa = PBXFileReference; fileEncoding = 4; lastKnownFileType = sourcecode.c.h; path = GLView.h; sourceTree = "<group>"; };
		D5B4B5101C142E97003F3EEE /* GLView.m */ = {isa = PBXFileReference; fileEncoding = 4; lastKnownFileType = sourcecode.c.objc; path = GLView.m; sourceTree = "<group>"; };
		D5B4B5131C1431ED003F3EEE /* TL_INetSyphonSDK.framework */ = {isa = PBXFileReference; lastKnownFileType = wrapper.framework; name = TL_INetSyphonSDK.framework; path = Frameworks/TL_INetSyphonSDK.framework; sourceTree = "<group>"; };
/* End PBXFileReference section */

/* Begin PBXFrameworksBuildPhase section */
		D51551D61CACC10B0034E9FF /* Frameworks */ = {
			isa = PBXFrameworksBuildPhase;
			buildActionMask = 2147483647;
			files = (
			);
			runOnlyForDeploymentPostprocessing = 0;
		};
		D58FF3881C1B36B4007F3324 /* Frameworks */ = {
			isa = PBXFrameworksBuildPhase;
			buildActionMask = 2147483647;
			files = (
				D58FF3B41C1B4872007F3324 /* TL_INetSyphonSDK.framework in Frameworks */,
			);
			runOnlyForDeploymentPostprocessing = 0;
		};
		D58FF39D1C1B3890007F3324 /* Frameworks */ = {
			isa = PBXFrameworksBuildPhase;
			buildActionMask = 2147483647;
			files = (
				D58FF3B11C1B4844007F3324 /* TL_INetSyphonSDK.framework in Frameworks */,
			);
			runOnlyForDeploymentPostprocessing = 0;
		};
		D5B4B4751C141F72003F3EEE /* Frameworks */ = {
			isa = PBXFrameworksBuildPhase;
			buildActionMask = 2147483647;
			files = (
				D5B4B5151C143207003F3EEE /* TL_INetSyphonSDK.framework in Frameworks */,
			);
			runOnlyForDeploymentPostprocessing = 0;
		};
		D5B4B4F61C142DC5003F3EEE /* Frameworks */ = {
			isa = PBXFrameworksBuildPhase;
			buildActionMask = 2147483647;
			files = (
				D5B4B5171C143216003F3EEE /* TL_INetSyphonSDK.framework in Frameworks */,
			);
			runOnlyForDeploymentPostprocessing = 0;
		};
/* End PBXFrameworksBuildPhase section */

/* Begin PBXGroup section */
		D51551DA1CACC10B0034E9FF /* SampleMultiTCPServer */ = {
			isa = PBXGroup;
			children = (
				D51551DB1CACC10B0034E9FF /* AppDelegate.h */,
				D51551DC1CACC10B0034E9FF /* AppDelegate.mm */,
				D51551EA1CACC2150034E9FF /* GLView.h */,
				D51551EB1CACC2150034E9FF /* GLView.m */,
				D51551E11CACC10B0034E9FF /* Assets.xcassets */,
				D51551E31CACC10B0034E9FF /* MainMenu.xib */,
				D51551E61CACC10B0034E9FF /* Info.plist */,
				D51551DE1CACC10B0034E9FF /* Supporting Files */,
			);
			path = SampleMultiTCPServer;
			sourceTree = "<group>";
		};
		D51551DE1CACC10B0034E9FF /* Supporting Files */ = {
			isa = PBXGroup;
			children = (
				D51551DF1CACC10B0034E9FF /* main.m */,
			);
			name = "Supporting Files";
			sourceTree = "<group>";
		};
		D58FF38C1C1B36B4007F3324 /* SampleUDPServer */ = {
			isa = PBXGroup;
			children = (
				D58FF38D1C1B36B4007F3324 /* UDPServerAppDelegate.h */,
				D58FF38E1C1B36B4007F3324 /* UDPServerAppDelegate.m */,
				D58FF3BE1C1B5138007F3324 /* GLView.h */,
				D58FF3BF1C1B5138007F3324 /* GLView.m */,
				D58FF3931C1B36B4007F3324 /* Assets.xcassets */,
				D58FF3951C1B36B4007F3324 /* MainMenu.xib */,
				D58FF3981C1B36B4007F3324 /* Info.plist */,
				D58FF3901C1B36B4007F3324 /* Supporting Files */,
			);
			path = SampleUDPServer;
			sourceTree = "<group>";
		};
		D58FF3901C1B36B4007F3324 /* Supporting Files */ = {
			isa = PBXGroup;
			children = (
				D58FF3911C1B36B4007F3324 /* main.m */,
			);
			name = "Supporting Files";
			sourceTree = "<group>";
		};
		D58FF3A11C1B3890007F3324 /* SampleUDPClient */ = {
			isa = PBXGroup;
			children = (
				D58FF3A21C1B3890007F3324 /* UDPClientAppDelegate.h */,
				D58FF3A31C1B3890007F3324 /* UDPClientAppDelegate.m */,
				D58FF3BB1C1B5113007F3324 /* GLView.h */,
				D58FF3BC1C1B5113007F3324 /* GLView.m */,
				D58FF3A81C1B3890007F3324 /* Assets.xcassets */,
				D58FF3AA1C1B3890007F3324 /* MainMenu.xib */,
				D58FF3AD1C1B3890007F3324 /* Info.plist */,
				D58FF3A51C1B3890007F3324 /* Supporting Files */,
			);
			path = SampleUDPClient;
			sourceTree = "<group>";
		};
		D58FF3A51C1B3890007F3324 /* Supporting Files */ = {
			isa = PBXGroup;
			children = (
				D58FF3A61C1B3890007F3324 /* main.m */,
			);
			name = "Supporting Files";
			sourceTree = "<group>";
		};
		D5B4B4571C141F50003F3EEE = {
			isa = PBXGroup;
			children = (
				D5B4B48A1C1421AA003F3EEE /* Frameworks */,
				D5B4B4891C14219F003F3EEE /* Lib */,
				D5B4B4791C141F72003F3EEE /* SampleTCPServer */,
				D5B4B4FA1C142DC6003F3EEE /* SampleTCPClient */,
				D58FF38C1C1B36B4007F3324 /* SampleUDPServer */,
				D58FF3A11C1B3890007F3324 /* SampleUDPClient */,
				D51551DA1CACC10B0034E9FF /* SampleMultiTCPServer */,
				D5B4B4611C141F50003F3EEE /* Products */,
			);
			sourceTree = "<group>";
		};
		D5B4B4611C141F50003F3EEE /* Products */ = {
			isa = PBXGroup;
			children = (
				D5B4B4781C141F72003F3EEE /* SampleTCPServer.app */,
				D5B4B4F91C142DC5003F3EEE /* SampleTCPClient.app */,
				D58FF38B1C1B36B4007F3324 /* SampleUDPServer.app */,
				D58FF3A01C1B3890007F3324 /* SampleUDPClient.app */,
				D51551D91CACC10B0034E9FF /* SampleMultiTCPServer.app */,
			);
			name = Products;
			sourceTree = "<group>";
		};
		D5B4B4791C141F72003F3EEE /* SampleTCPServer */ = {
			isa = PBXGroup;
			children = (
				D5B4B47A1C141F72003F3EEE /* AppDelegate.h */,
				D5B4B47B1C141F72003F3EEE /* AppDelegate.m */,
				D5B4B48F1C142204003F3EEE /* GLView.h */,
				D5B4B4901C142204003F3EEE /* GLView.m */,
				D5B4B4801C141F72003F3EEE /* Assets.xcassets */,
				D5B4B4821C141F72003F3EEE /* MainMenu.xib */,
				D5B4B4851C141F72003F3EEE /* Info.plist */,
				D5B4B47D1C141F72003F3EEE /* Supporting Files */,
			);
			path = SampleTCPServer;
			sourceTree = "<group>";
		};
		D5B4B47D1C141F72003F3EEE /* Supporting Files */ = {
			isa = PBXGroup;
			children = (
				D5B4B47E1C141F72003F3EEE /* main.m */,
			);
			name = "Supporting Files";
			sourceTree = "<group>";
		};
		D5B4B4891C14219F003F3EEE /* Lib */ = {
			isa = PBXGroup;
			children = (
				D5B4B48B1C1421C4003F3EEE /* libturbojpeg.0.dylib */,
			);
			name = Lib;
			sourceTree = "<group>";
		};
		D5B4B48A1C1421AA003F3EEE /* Frameworks */ = {
			isa = PBXGroup;
			children = (
				D5B4B5131C1431ED003F3EEE /* TL_INetSyphonSDK.framework */,
			);
			name = Frameworks;
			sourceTree = "<group>";
		};
		D5B4B4FA1C142DC6003F3EEE /* SampleTCPClient */ = {
			isa = PBXGroup;
			children = (
				D5B4B4FB1C142DC6003F3EEE /* AppDelegate.h */,
				D5B4B4FC1C142DC6003F3EEE /* AppDelegate.m */,
				D5B4B50F1C142E97003F3EEE /* GLView.h */,
				D5B4B5101C142E97003F3EEE /* GLView.m */,
				D5B4B5011C142DC6003F3EEE /* Assets.xcassets */,
				D5B4B5031C142DC6003F3EEE /* MainMenu.xib */,
				D5B4B5061C142DC6003F3EEE /* Info.plist */,
				D5B4B4FE1C142DC6003F3EEE /* Supporting Files */,
			);
			path = SampleTCPClient;
			sourceTree = "<group>";
		};
		D5B4B4FE1C142DC6003F3EEE /* Supporting Files */ = {
			isa = PBXGroup;
			children = (
				D5B4B4FF1C142DC6003F3EEE /* main.m */,
			);
			name = "Supporting Files";
			sourceTree = "<group>";
		};
/* End PBXGroup section */

/* Begin PBXNativeTarget section */
		D51551D81CACC10B0034E9FF /* SampleMultiTCPServer */ = {
			isa = PBXNativeTarget;
			buildConfigurationList = D51551E91CACC10B0034E9FF /* Build configuration list for PBXNativeTarget "SampleMultiTCPServer" */;
			buildPhases = (
				D51551D51CACC10B0034E9FF /* Sources */,
				D51551D61CACC10B0034E9FF /* Frameworks */,
				D51551D71CACC10B0034E9FF /* Resources */,
				D51551ED1CACC2EC0034E9FF /* Copy Framework Files */,
				D51551EF1CACC3030034E9FF /* Copy TurboJpeg Files */,
			);
			buildRules = (
			);
			dependencies = (
			);
			name = SampleMultiTCPServer;
			productName = SampleMultiTCPServer;
			productReference = D51551D91CACC10B0034E9FF /* SampleMultiTCPServer.app */;
			productType = "com.apple.product-type.application";
		};
		D58FF38A1C1B36B4007F3324 /* SampleUDPServer */ = {
			isa = PBXNativeTarget;
			buildConfigurationList = D58FF39B1C1B36B4007F3324 /* Build configuration list for PBXNativeTarget "SampleUDPServer" */;
			buildPhases = (
				D58FF3871C1B36B4007F3324 /* Sources */,
				D58FF3881C1B36B4007F3324 /* Frameworks */,
				D58FF3891C1B36B4007F3324 /* Resources */,
				D58FF3B71C1B4898007F3324 /* Copy Framework Files */,
				D58FF3B91C1B48AE007F3324 /* Copy TURBOJPEG Files */,
			);
			buildRules = (
			);
			dependencies = (
			);
			name = SampleUDPServer;
			productName = SampleUDPServer;
			productReference = D58FF38B1C1B36B4007F3324 /* SampleUDPServer.app */;
			productType = "com.apple.product-type.application";
		};
		D58FF39F1C1B3890007F3324 /* SampleUDPClient */ = {
			isa = PBXNativeTarget;
			buildConfigurationList = D58FF3AE1C1B3890007F3324 /* Build configuration list for PBXNativeTarget "SampleUDPClient" */;
			buildPhases = (
				D58FF39C1C1B3890007F3324 /* Sources */,
				D58FF39D1C1B3890007F3324 /* Frameworks */,
				D58FF39E1C1B3890007F3324 /* Resources */,
				D58FF3B21C1B484C007F3324 /* Copy TurboJpeg Files */,
				D58FF3B51C1B487E007F3324 /* Copy Framework Files */,
			);
			buildRules = (
			);
			dependencies = (
			);
			name = SampleUDPClient;
			productName = SampleUDPClient;
			productReference = D58FF3A01C1B3890007F3324 /* SampleUDPClient.app */;
			productType = "com.apple.product-type.application";
		};
		D5B4B4771C141F72003F3EEE /* SampleTCPServer */ = {
			isa = PBXNativeTarget;
			buildConfigurationList = D5B4B4861C141F72003F3EEE /* Build configuration list for PBXNativeTarget "SampleTCPServer" */;
			buildPhases = (
				D5B4B4741C141F72003F3EEE /* Sources */,
				D5B4B4751C141F72003F3EEE /* Frameworks */,
				D5B4B4761C141F72003F3EEE /* Resources */,
				D5B4B4921C142448003F3EEE /* Copy Framework Files */,
				D5B4B4941C14245F003F3EEE /* Copy TurboJpeg Files */,
			);
			buildRules = (
			);
			dependencies = (
			);
			name = SampleTCPServer;
			productName = SampleTCPServer;
			productReference = D5B4B4781C141F72003F3EEE /* SampleTCPServer.app */;
			productType = "com.apple.product-type.application";
		};
		D5B4B4F81C142DC5003F3EEE /* SampleTCPClient */ = {
			isa = PBXNativeTarget;
			buildConfigurationList = D5B4B5071C142DC6003F3EEE /* Build configuration list for PBXNativeTarget "SampleTCPClient" */;
			buildPhases = (
				D5B4B4F51C142DC5003F3EEE /* Sources */,
				D5B4B4F61C142DC5003F3EEE /* Frameworks */,
				D5B4B4F71C142DC5003F3EEE /* Resources */,
				D5B4B50B1C142DDC003F3EEE /* Copy Framework Files */,
				D5B4B50D1C142DF8003F3EEE /* Copy TurboJpeg Files */,
			);
			buildRules = (
			);
			dependencies = (
			);
			name = SampleTCPClient;
			productName = SampleTCPClient;
			productReference = D5B4B4F91C142DC5003F3EEE /* SampleTCPClient.app */;
			productType = "com.apple.product-type.application";
		};
/* End PBXNativeTarget section */

/* Begin PBXProject section */
		D5B4B4581C141F50003F3EEE /* Project object */ = {
			isa = PBXProject;
			attributes = {
				LastUpgradeCheck = 0710;
				ORGANIZATIONNAME = "TECHLIFE SG Pte.Ltd.";
				TargetAttributes = {
					D51551D81CACC10B0034E9FF = {
						CreatedOnToolsVersion = 7.2.1;
					};
					D58FF38A1C1B36B4007F3324 = {
						CreatedOnToolsVersion = 7.2;
					};
					D58FF39F1C1B3890007F3324 = {
						CreatedOnToolsVersion = 7.2;
					};
					D5B4B4771C141F72003F3EEE = {
						CreatedOnToolsVersion = 7.1.1;
					};
					D5B4B4F81C142DC5003F3EEE = {
						CreatedOnToolsVersion = 7.1.1;
					};
				};
			};
			buildConfigurationList = D5B4B45B1C141F50003F3EEE /* Build configuration list for PBXProject "INetSyphon_OSX_SDK" */;
			compatibilityVersion = "Xcode 3.2";
			developmentRegion = English;
			hasScannedForEncodings = 0;
			knownRegions = (
				en,
				Base,
			);
			mainGroup = D5B4B4571C141F50003F3EEE;
			productRefGroup = D5B4B4611C141F50003F3EEE /* Products */;
			projectDirPath = "";
			projectRoot = "";
			targets = (
				D5B4B4771C141F72003F3EEE /* SampleTCPServer */,
				D5B4B4F81C142DC5003F3EEE /* SampleTCPClient */,
				D58FF38A1C1B36B4007F3324 /* SampleUDPServer */,
				D58FF39F1C1B3890007F3324 /* SampleUDPClient */,
				D51551D81CACC10B0034E9FF /* SampleMultiTCPServer */,
			);
		};
/* End PBXProject section */

/* Begin PBXResourcesBuildPhase section */
		D51551D71CACC10B0034E9FF /* Resources */ = {
			isa = PBXResourcesBuildPhase;
			buildActionMask = 2147483647;
			files = (
				D51551E21CACC10B0034E9FF /* Assets.xcassets in Resources */,
				D51551E51CACC10B0034E9FF /* MainMenu.xib in Resources */,
			);
			runOnlyForDeploymentPostprocessing = 0;
		};
		D58FF3891C1B36B4007F3324 /* Resources */ = {
			isa = PBXResourcesBuildPhase;
			buildActionMask = 2147483647;
			files = (
				D58FF3941C1B36B4007F3324 /* Assets.xcassets in Resources */,
				D58FF3971C1B36B4007F3324 /* MainMenu.xib in Resources */,
			);
			runOnlyForDeploymentPostprocessing = 0;
		};
		D58FF39E1C1B3890007F3324 /* Resources */ = {
			isa = PBXResourcesBuildPhase;
			buildActionMask = 2147483647;
			files = (
				D58FF3A91C1B3890007F3324 /* Assets.xcassets in Resources */,
				D58FF3AC1C1B3890007F3324 /* MainMenu.xib in Resources */,
			);
			runOnlyForDeploymentPostprocessing = 0;
		};
		D5B4B4761C141F72003F3EEE /* Resources */ = {
			isa = PBXResourcesBuildPhase;
			buildActionMask = 2147483647;
			files = (
				D5B4B4811C141F72003F3EEE /* Assets.xcassets in Resources */,
				D5B4B4841C141F72003F3EEE /* MainMenu.xib in Resources */,
			);
			runOnlyForDeploymentPostprocessing = 0;
		};
		D5B4B4F71C142DC5003F3EEE /* Resources */ = {
			isa = PBXResourcesBuildPhase;
			buildActionMask = 2147483647;
			files = (
				D5B4B5021C142DC6003F3EEE /* Assets.xcassets in Resources */,
				D5B4B5051C142DC6003F3EEE /* MainMenu.xib in Resources */,
			);
			runOnlyForDeploymentPostprocessing = 0;
		};
/* End PBXResourcesBuildPhase section */

/* Begin PBXSourcesBuildPhase section */
		D51551D51CACC10B0034E9FF /* Sources */ = {
			isa = PBXSourcesBuildPhase;
			buildActionMask = 2147483647;
			files = (
				D51551E01CACC10B0034E9FF /* main.m in Sources */,
				D51551DD1CACC10B0034E9FF /* AppDelegate.mm in Sources */,
				D51551EC1CACC2150034E9FF /* GLView.m in Sources */,
			);
			runOnlyForDeploymentPostprocessing = 0;
		};
		D58FF3871C1B36B4007F3324 /* Sources */ = {
			isa = PBXSourcesBuildPhase;
			buildActionMask = 2147483647;
			files = (
				D58FF3921C1B36B4007F3324 /* main.m in Sources */,
				D58FF38F1C1B36B4007F3324 /* UDPServerAppDelegate.m in Sources */,
				D58FF3C01C1B5138007F3324 /* GLView.m in Sources */,
			);
			runOnlyForDeploymentPostprocessing = 0;
		};
		D58FF39C1C1B3890007F3324 /* Sources */ = {
			isa = PBXSourcesBuildPhase;
			buildActionMask = 2147483647;
			files = (
				D58FF3A71C1B3890007F3324 /* main.m in Sources */,
				D58FF3A41C1B3890007F3324 /* UDPClientAppDelegate.m in Sources */,
				D58FF3BD1C1B5113007F3324 /* GLView.m in Sources */,
			);
			runOnlyForDeploymentPostprocessing = 0;
		};
		D5B4B4741C141F72003F3EEE /* Sources */ = {
			isa = PBXSourcesBuildPhase;
			buildActionMask = 2147483647;
			files = (
				D5B4B47F1C141F72003F3EEE /* main.m in Sources */,
				D5B4B47C1C141F72003F3EEE /* AppDelegate.m in Sources */,
				D5B4B4911C142204003F3EEE /* GLView.m in Sources */,
			);
			runOnlyForDeploymentPostprocessing = 0;
		};
		D5B4B4F51C142DC5003F3EEE /* Sources */ = {
			isa = PBXSourcesBuildPhase;
			buildActionMask = 2147483647;
			files = (
				D5B4B5001C142DC6003F3EEE /* main.m in Sources */,
				D5B4B4FD1C142DC6003F3EEE /* AppDelegate.m in Sources */,
				D5B4B5111C142E97003F3EEE /* GLView.m in Sources */,
			);
			runOnlyForDeploymentPostprocessing = 0;
		};
/* End PBXSourcesBuildPhase section */

/* Begin PBXVariantGroup section */
		D51551E31CACC10B0034E9FF /* MainMenu.xib */ = {
			isa = PBXVariantGroup;
			children = (
				D51551E41CACC10B0034E9FF /* Base */,
			);
			name = MainMenu.xib;
			sourceTree = "<group>";
		};
		D58FF3951C1B36B4007F3324 /* MainMenu.xib */ = {
			isa = PBXVariantGroup;
			children = (
				D58FF3961C1B36B4007F3324 /* Base */,
			);
			name = MainMenu.xib;
			sourceTree = "<group>";
		};
		D58FF3AA1C1B3890007F3324 /* MainMenu.xib */ = {
			isa = PBXVariantGroup;
			children = (
				D58FF3AB1C1B3890007F3324 /* Base */,
			);
			name = MainMenu.xib;
			sourceTree = "<group>";
		};
		D5B4B4821C141F72003F3EEE /* MainMenu.xib */ = {
			isa = PBXVariantGroup;
			children = (
				D5B4B4831C141F72003F3EEE /* Base */,
			);
			name = MainMenu.xib;
			sourceTree = "<group>";
		};
		D5B4B5031C142DC6003F3EEE /* MainMenu.xib */ = {
			isa = PBXVariantGroup;
			children = (
				D5B4B5041C142DC6003F3EEE /* Base */,
			);
			name = MainMenu.xib;
			sourceTree = "<group>";
		};
/* End PBXVariantGroup section */

/* Begin XCBuildConfiguration section */
		D51551E71CACC10B0034E9FF /* Debug */ = {
			isa = XCBuildConfiguration;
			buildSettings = {
				ASSETCATALOG_COMPILER_APPICON_NAME = AppIcon;
				CLANG_ENABLE_OBJC_ARC = NO;
				COMBINE_HIDPI_IMAGES = YES;
				FRAMEWORK_SEARCH_PATHS = (
					"$(inherited)",
					"$(PROJECT_DIR)/Frameworks",
				);
				INFOPLIST_FILE = SampleMultiTCPServer/Info.plist;
				LD_RUNPATH_SEARCH_PATHS = "$(inherited) @executable_path/../Frameworks";
				LIBRARY_SEARCH_PATHS = (
					"$(inherited)",
					"$(PROJECT_DIR)/Lib",
				);
				MACOSX_DEPLOYMENT_TARGET = 10.8;
				ONLY_ACTIVE_ARCH = NO;
				PRODUCT_BUNDLE_IDENTIFIER = sg.techlife.SampleMultiTCPServer;
				PRODUCT_NAME = "$(TARGET_NAME)";
			};
			name = Debug;
		};
		D51551E81CACC10B0034E9FF /* Release */ = {
			isa = XCBuildConfiguration;
			buildSettings = {
				ASSETCATALOG_COMPILER_APPICON_NAME = AppIcon;
				CLANG_ENABLE_OBJC_ARC = NO;
				COMBINE_HIDPI_IMAGES = YES;
				FRAMEWORK_SEARCH_PATHS = (
					"$(inherited)",
					"$(PROJECT_DIR)/Frameworks",
				);
				INFOPLIST_FILE = SampleMultiTCPServer/Info.plist;
				LD_RUNPATH_SEARCH_PATHS = "$(inherited) @executable_path/../Frameworks";
				LIBRARY_SEARCH_PATHS = (
					"$(inherited)",
					"$(PROJECT_DIR)/Lib",
				);
				MACOSX_DEPLOYMENT_TARGET = 10.8;
				PRODUCT_BUNDLE_IDENTIFIER = sg.techlife.SampleMultiTCPServer;
				PRODUCT_NAME = "$(TARGET_NAME)";
			};
			name = Release;
		};
		D58FF3991C1B36B4007F3324 /* Debug */ = {
			isa = XCBuildConfiguration;
			buildSettings = {
				ASSETCATALOG_COMPILER_APPICON_NAME = AppIcon;
				CLANG_ENABLE_OBJC_ARC = NO;
				COMBINE_HIDPI_IMAGES = YES;
				FRAMEWORK_SEARCH_PATHS = (
					"$(inherited)",
					"$(PROJECT_DIR)/Frameworks",
				);
				INFOPLIST_FILE = SampleUDPServer/Info.plist;
				LD_RUNPATH_SEARCH_PATHS = "$(inherited) @executable_path/../Frameworks";
				MACOSX_DEPLOYMENT_TARGET = 10.8;
				PRODUCT_BUNDLE_IDENTIFIER = sg.techlife.SampleUDPServer;
				PRODUCT_NAME = "$(TARGET_NAME)";
			};
			name = Debug;
		};
		D58FF39A1C1B36B4007F3324 /* Release */ = {
			isa = XCBuildConfiguration;
			buildSettings = {
				ASSETCATALOG_COMPILER_APPICON_NAME = AppIcon;
				CLANG_ENABLE_OBJC_ARC = NO;
				COMBINE_HIDPI_IMAGES = YES;
				FRAMEWORK_SEARCH_PATHS = (
					"$(inherited)",
					"$(PROJECT_DIR)/Frameworks",
				);
				INFOPLIST_FILE = SampleUDPServer/Info.plist;
				LD_RUNPATH_SEARCH_PATHS = "$(inherited) @executable_path/../Frameworks";
				MACOSX_DEPLOYMENT_TARGET = 10.8;
				PRODUCT_BUNDLE_IDENTIFIER = sg.techlife.SampleUDPServer;
				PRODUCT_NAME = "$(TARGET_NAME)";
			};
			name = Release;
		};
		D58FF3AF1C1B3890007F3324 /* Debug */ = {
			isa = XCBuildConfiguration;
			buildSettings = {
				ASSETCATALOG_COMPILER_APPICON_NAME = AppIcon;
				CLANG_ENABLE_OBJC_ARC = NO;
				COMBINE_HIDPI_IMAGES = YES;
				FRAMEWORK_SEARCH_PATHS = (
					"$(inherited)",
					"$(PROJECT_DIR)/Frameworks",
				);
				INFOPLIST_FILE = SampleUDPClient/Info.plist;
				LD_RUNPATH_SEARCH_PATHS = "$(inherited) @executable_path/../Frameworks";
				MACOSX_DEPLOYMENT_TARGET = 10.8;
				PRODUCT_BUNDLE_IDENTIFIER = sg.techlife.SampleUDPClient;
				PRODUCT_NAME = "$(TARGET_NAME)";
			};
			name = Debug;
		};
		D58FF3B01C1B3890007F3324 /* Release */ = {
			isa = XCBuildConfiguration;
			buildSettings = {
				ASSETCATALOG_COMPILER_APPICON_NAME = AppIcon;
				CLANG_ENABLE_OBJC_ARC = NO;
				COMBINE_HIDPI_IMAGES = YES;
				FRAMEWORK_SEARCH_PATHS = (
					"$(inherited)",
					"$(PROJECT_DIR)/Frameworks",
				);
				INFOPLIST_FILE = SampleUDPClient/Info.plist;
				LD_RUNPATH_SEARCH_PATHS = "$(inherited) @executable_path/../Frameworks";
				MACOSX_DEPLOYMENT_TARGET = 10.8;
				PRODUCT_BUNDLE_IDENTIFIER = sg.techlife.SampleUDPClient;
				PRODUCT_NAME = "$(TARGET_NAME)";
			};
			name = Release;
		};
		D5B4B46F1C141F50003F3EEE /* Debug */ = {
			isa = XCBuildConfiguration;
			buildSettings = {
				ALWAYS_SEARCH_USER_PATHS = NO;
				CLANG_CXX_LANGUAGE_STANDARD = "gnu++0x";
				CLANG_CXX_LIBRARY = "libc++";
				CLANG_ENABLE_MODULES = YES;
				CLANG_ENABLE_OBJC_ARC = NO;
				CLANG_WARN_BOOL_CONVERSION = YES;
				CLANG_WARN_CONSTANT_CONVERSION = YES;
				CLANG_WARN_DIRECT_OBJC_ISA_USAGE = YES_ERROR;
				CLANG_WARN_EMPTY_BODY = YES;
				CLANG_WARN_ENUM_CONVERSION = YES;
				CLANG_WARN_INT_CONVERSION = YES;
				CLANG_WARN_OBJC_ROOT_CLASS = YES_ERROR;
				CLANG_WARN_UNREACHABLE_CODE = YES;
				CLANG_WARN__DUPLICATE_METHOD_MATCH = YES;
				CODE_SIGN_IDENTITY = "-";
				COPY_PHASE_STRIP = NO;
				DEBUG_INFORMATION_FORMAT = dwarf;
				ENABLE_STRICT_OBJC_MSGSEND = YES;
				ENABLE_TESTABILITY = YES;
				GCC_C_LANGUAGE_STANDARD = gnu99;
				GCC_DYNAMIC_NO_PIC = NO;
				GCC_NO_COMMON_BLOCKS = YES;
				GCC_OPTIMIZATION_LEVEL = 0;
				GCC_PREPROCESSOR_DEFINITIONS = (
					"DEBUG=1",
					"$(inherited)",
				);
				GCC_WARN_64_TO_32_BIT_CONVERSION = YES;
				GCC_WARN_ABOUT_RETURN_TYPE = YES_ERROR;
				GCC_WARN_UNDECLARED_SELECTOR = YES;
				GCC_WARN_UNINITIALIZED_AUTOS = YES_AGGRESSIVE;
				GCC_WARN_UNUSED_FUNCTION = YES;
				GCC_WARN_UNUSED_VARIABLE = YES;
				MACOSX_DEPLOYMENT_TARGET = 10.8;
				MTL_ENABLE_DEBUG_INFO = YES;
				ONLY_ACTIVE_ARCH = YES;
				SDKROOT = macosx;
			};
			name = Debug;
		};
		D5B4B4701C141F50003F3EEE /* Release */ = {
			isa = XCBuildConfiguration;
			buildSettings = {
				ALWAYS_SEARCH_USER_PATHS = NO;
				CLANG_CXX_LANGUAGE_STANDARD = "gnu++0x";
				CLANG_CXX_LIBRARY = "libc++";
				CLANG_ENABLE_MODULES = YES;
				CLANG_ENABLE_OBJC_ARC = NO;
				CLANG_WARN_BOOL_CONVERSION = YES;
				CLANG_WARN_CONSTANT_CONVERSION = YES;
				CLANG_WARN_DIRECT_OBJC_ISA_USAGE = YES_ERROR;
				CLANG_WARN_EMPTY_BODY = YES;
				CLANG_WARN_ENUM_CONVERSION = YES;
				CLANG_WARN_INT_CONVERSION = YES;
				CLANG_WARN_OBJC_ROOT_CLASS = YES_ERROR;
				CLANG_WARN_UNREACHABLE_CODE = YES;
				CLANG_WARN__DUPLICATE_METHOD_MATCH = YES;
				CODE_SIGN_IDENTITY = "-";
				COPY_PHASE_STRIP = NO;
				DEBUG_INFORMATION_FORMAT = "dwarf-with-dsym";
				ENABLE_NS_ASSERTIONS = NO;
				ENABLE_STRICT_OBJC_MSGSEND = YES;
				GCC_C_LANGUAGE_STANDARD = gnu99;
				GCC_NO_COMMON_BLOCKS = YES;
				GCC_WARN_64_TO_32_BIT_CONVERSION = YES;
				GCC_WARN_ABOUT_RETURN_TYPE = YES_ERROR;
				GCC_WARN_UNDECLARED_SELECTOR = YES;
				GCC_WARN_UNINITIALIZED_AUTOS = YES_AGGRESSIVE;
				GCC_WARN_UNUSED_FUNCTION = YES;
				GCC_WARN_UNUSED_VARIABLE = YES;
				MACOSX_DEPLOYMENT_TARGET = 10.8;
				MTL_ENABLE_DEBUG_INFO = NO;
				SDKROOT = macosx;
			};
			name = Release;
		};
		D5B4B4871C141F72003F3EEE /* Debug */ = {
			isa = XCBuildConfiguration;
			buildSettings = {
				ASSETCATALOG_COMPILER_APPICON_NAME = AppIcon;
				COMBINE_HIDPI_IMAGES = YES;
				FRAMEWORK_SEARCH_PATHS = (
					"$(inherited)",
					"$(PROJECT_DIR)/Frameworks",
				);
				INFOPLIST_FILE = SampleTCPServer/Info.plist;
				LD_RUNPATH_SEARCH_PATHS = "$(inherited) @executable_path/../Frameworks";
				LIBRARY_SEARCH_PATHS = (
					"$(inherited)",
					"$(PROJECT_DIR)/Lib",
				);
				MACOSX_DEPLOYMENT_TARGET = 10.8;
				PRODUCT_BUNDLE_IDENTIFIER = sg.techlife.SampleTCPServer;
				PRODUCT_NAME = "$(TARGET_NAME)";
			};
			name = Debug;
		};
		D5B4B4881C141F72003F3EEE /* Release */ = {
			isa = XCBuildConfiguration;
			buildSettings = {
				ASSETCATALOG_COMPILER_APPICON_NAME = AppIcon;
				COMBINE_HIDPI_IMAGES = YES;
				FRAMEWORK_SEARCH_PATHS = (
					"$(inherited)",
					"$(PROJECT_DIR)/Frameworks",
				);
				INFOPLIST_FILE = SampleTCPServer/Info.plist;
				LD_RUNPATH_SEARCH_PATHS = "$(inherited) @executable_path/../Frameworks";
				LIBRARY_SEARCH_PATHS = (
					"$(inherited)",
					"$(PROJECT_DIR)/Lib",
				);
				MACOSX_DEPLOYMENT_TARGET = 10.8;
				PRODUCT_BUNDLE_IDENTIFIER = sg.techlife.SampleTCPServer;
				PRODUCT_NAME = "$(TARGET_NAME)";
			};
			name = Release;
		};
		D5B4B5081C142DC6003F3EEE /* Debug */ = {
			isa = XCBuildConfiguration;
			buildSettings = {
				ASSETCATALOG_COMPILER_APPICON_NAME = AppIcon;
				CLANG_ENABLE_OBJC_ARC = NO;
				COMBINE_HIDPI_IMAGES = YES;
				FRAMEWORK_SEARCH_PATHS = (
					"$(inherited)",
					"$(PROJECT_DIR)/Frameworks",
				);
				INFOPLIST_FILE = SampleTCPClient/Info.plist;
				LD_RUNPATH_SEARCH_PATHS = "$(inherited) @executable_path/../Frameworks";
				MACOSX_DEPLOYMENT_TARGET = 10.8;
				PRODUCT_BUNDLE_IDENTIFIER = sg.techlife.SampleTCPClient;
				PRODUCT_NAME = "$(TARGET_NAME)";
			};
			name = Debug;
		};
		D5B4B5091C142DC6003F3EEE /* Release */ = {
			isa = XCBuildConfiguration;
			buildSettings = {
				ASSETCATALOG_COMPILER_APPICON_NAME = AppIcon;
				CLANG_ENABLE_OBJC_ARC = NO;
				COMBINE_HIDPI_IMAGES = YES;
				FRAMEWORK_SEARCH_PATHS = (
					"$(inherited)",
					"$(PROJECT_DIR)/Frameworks",
				);
				INFOPLIST_FILE = SampleTCPClient/Info.plist;
				LD_RUNPATH_SEARCH_PATHS = "$(inherited) @executable_path/../Frameworks";
				MACOSX_DEPLOYMENT_TARGET = 10.8;
				PRODUCT_BUNDLE_IDENTIFIER = sg.techlife.SampleTCPClient;
				PRODUCT_NAME = "$(TARGET_NAME)";
			};
			name = Release;
		};
/* End XCBuildConfiguration section */

/* Begin XCConfigurationList section */
		D51551E91CACC10B0034E9FF /* Build configuration list for PBXNativeTarget "SampleMultiTCPServer" */ = {
			isa = XCConfigurationList;
			buildConfigurations = (
				D51551E71CACC10B0034E9FF /* Debug */,
				D51551E81CACC10B0034E9FF /* Release */,
			);
			defaultConfigurationIsVisible = 0;
		};
		D58FF39B1C1B36B4007F3324 /* Build configuration list for PBXNativeTarget "SampleUDPServer" */ = {
			isa = XCConfigurationList;
			buildConfigurations = (
				D58FF3991C1B36B4007F3324 /* Debug */,
				D58FF39A1C1B36B4007F3324 /* Release */,
			);
			defaultConfigurationIsVisible = 0;
			defaultConfigurationName = Release;
		};
		D58FF3AE1C1B3890007F3324 /* Build configuration list for PBXNativeTarget "SampleUDPClient" */ = {
			isa = XCConfigurationList;
			buildConfigurations = (
				D58FF3AF1C1B3890007F3324 /* Debug */,
				D58FF3B01C1B3890007F3324 /* Release */,
			);
			defaultConfigurationIsVisible = 0;
			defaultConfigurationName = Release;
		};
		D5B4B45B1C141F50003F3EEE /* Build configuration list for PBXProject "INetSyphon_OSX_SDK" */ = {
			isa = XCConfigurationList;
			buildConfigurations = (
				D5B4B46F1C141F50003F3EEE /* Debug */,
				D5B4B4701C141F50003F3EEE /* Release */,
			);
			defaultConfigurationIsVisible = 0;
			defaultConfigurationName = Release;
		};
		D5B4B4861C141F72003F3EEE /* Build configuration list for PBXNativeTarget "SampleTCPServer" */ = {
			isa = XCConfigurationList;
			buildConfigurations = (
				D5B4B4871C141F72003F3EEE /* Debug */,
				D5B4B4881C141F72003F3EEE /* Release */,
			);
			defaultConfigurationIsVisible = 0;
			defaultConfigurationName = Release;
		};
		D5B4B5071C142DC6003F3EEE /* Build configuration list for PBXNativeTarget "SampleTCPClient" */ = {
			isa = XCConfigurationList;
			buildConfigurations = (
				D5B4B5081C142DC6003F3EEE /* Debug */,
				D5B4B5091C142DC6003F3EEE /* Release */,
			);
			defaultConfigurationIsVisible = 0;
			defaultConfigurationName = Release;
		};
/* End XCConfigurationList section */
	};
	rootObject = D5B4B4581C141F50003F3EEE /* Project object */;
}
